
Microsoft Visual Studio Solution File, Format Version 12.00
# Visual Studio Version 17
VisualStudioVersion = 17.14.36203.30 d17.14
MinimumVisualStudioVersion = 10.0.40219.1
Project("{FAE04EC0-301F-11D3-BF4B-00C04F79EFBC}") = "GameTemplate", "GameTemplate.csproj", "{1C536696-377D-9A70-42E3-F5F1E4DE9451}"
EndProject
Project("{FAE04EC0-301F-11D3-BF4B-00C04F79EFBC}") = "DrawnUi.Maui", "..\..\DrawnUi\DrawnUi.Maui.csproj", "{6B8757C2-8AFE-6759-52B9-9230BC296DE6}"
EndProject
Project("{D954291E-2A0B-460D-934E-DC6B0785DB48}") = "DrawnUi.Shared", "..\..\..\Shared\DrawnUi.Shared.shproj", "{83974207-9636-48DD-BDB3-98EDECBB1107}"
EndProject
Project("{FAE04EC0-301F-11D3-BF4B-00C04F79EFBC}") = "DrawnUi.Maui.Game", "..\..\Addons\DrawnUi.Maui.Game\DrawnUi.Maui.Game.csproj", "{70E1BC5C-F335-0604-F314-61ADBEBC8A8B}"
EndProject
Project("{FAE04EC0-301F-11D3-BF4B-00C04F79EFBC}") = "Breakout", "..\..\..\..\..\DrawnUi.Arkanoid\src\Breakout.csproj", "{3CBB6E5B-22A2-78D6-A77A-907A835A0F4B}"
EndProject
Global
	GlobalSection(SolutionConfigurationPlatforms) = preSolution
		Debug|Any CPU = Debug|Any CPU
		Release|Any CPU = Release|Any CPU
	EndGlobalSection
	GlobalSection(ProjectConfigurationPlatforms) = postSolution
		{1C536696-377D-9A70-42E3-F5F1E4DE9451}.Debug|Any CPU.ActiveCfg = Debug|Any CPU
		{1C536696-377D-9A70-42E3-F5F1E4DE9451}.Debug|Any CPU.Build.0 = Debug|Any CPU
		{1C536696-377D-9A70-42E3-F5F1E4DE9451}.Release|Any CPU.ActiveCfg = Release|Any CPU
		{1C536696-377D-9A70-42E3-F5F1E4DE9451}.Release|Any CPU.Build.0 = Release|Any CPU
		{6B8757C2-8AFE-6759-52B9-9230BC296DE6}.Debug|Any CPU.ActiveCfg = Debug|Any CPU
		{6B8757C2-8AFE-6759-52B9-9230BC296DE6}.Debug|Any CPU.Build.0 = Debug|Any CPU
		{6B8757C2-8AFE-6759-52B9-9230BC296DE6}.Release|Any CPU.ActiveCfg = Release|Any CPU
		{6B8757C2-8AFE-6759-52B9-9230BC296DE6}.Release|Any CPU.Build.0 = Release|Any CPU
		{70E1BC5C-F335-0604-F314-61ADBEBC8A8B}.Debug|Any CPU.ActiveCfg = Debug|Any CPU
		{70E1BC5C-F335-0604-F314-61ADBEBC8A8B}.Debug|Any CPU.Build.0 = Debug|Any CPU
		{70E1BC5C-F335-0604-F314-61ADBEBC8A8B}.Release|Any CPU.ActiveCfg = Release|Any CPU
		{70E1BC5C-F335-0604-F314-61ADBEBC8A8B}.Release|Any CPU.Build.0 = Release|Any CPU
		{3CBB6E5B-22A2-78D6-A77A-907A835A0F4B}.Debug|Any CPU.ActiveCfg = Debug|Any CPU
		{3CBB6E5B-22A2-78D6-A77A-907A835A0F4B}.Debug|Any CPU.Build.0 = Debug|Any CPU
		{3CBB6E5B-22A2-78D6-A77A-907A835A0F4B}.Release|Any CPU.ActiveCfg = Release|Any CPU
		{3CBB6E5B-22A2-78D6-A77A-907A835A0F4B}.Release|Any CPU.Build.0 = Release|Any CPU
	EndGlobalSection
	GlobalSection(SolutionProperties) = preSolution
		HideSolutionNode = FALSE
	EndGlobalSection
	GlobalSection(ExtensibilityGlobals) = postSolution
		SolutionGuid = {A82BCF0D-328D-476D-A5C7-FDC8F4E7A141}
	EndGlobalSection
	GlobalSection(SharedMSBuildProjectFiles) = preSolution
		..\..\..\Shared\Shared.projitems*{6b8757c2-8afe-6759-52b9-9230bc296de6}*SharedItemsImports = 5
		..\..\..\Shared\Shared.projitems*{83974207-9636-48dd-bdb3-98edecbb1107}*SharedItemsImports = 13
	EndGlobalSection
EndGlobal
